
Microsoft Visual Studio Solution File, Format Version 12.00
# Visual Studio Version 16
VisualStudioVersion = 16.0.29326.143
MinimumVisualStudioVersion = 10.0.40219.1
Project("{FAE04EC0-301F-11D3-BF4B-00C04F79EFBC}") = "Laba2(3)", "Laba2(3)\Laba2(3).csproj", "{6BB40C83-0B77-497D-B5F2-B221531F47EA}"
EndProject
Global
	GlobalSection(SolutionConfigurationPlatforms) = preSolution
		Debug|Any CPU = Debug|Any CPU
		Release|Any CPU = Release|Any CPU
	EndGlobalSection
	GlobalSection(ProjectConfigurationPlatforms) = postSolution
		{6BB40C83-0B77-497D-B5F2-B221531F47EA}.Debug|Any CPU.ActiveCfg = Debug|Any CPU
		{6BB40C83-0B77-497D-B5F2-B221531F47EA}.Debug|Any CPU.Build.0 = Debug|Any CPU
		{6BB40C83-0B77-497D-B5F2-B221531F47EA}.Release|Any CPU.ActiveCfg = Release|Any CPU
		{6BB40C83-0B77-497D-B5F2-B221531F47EA}.Release|Any CPU.Build.0 = Release|Any CPU
	EndGlobalSection
	GlobalSection(SolutionProperties) = preSolution
		HideSolutionNode = FALSE
	EndGlobalSection
	GlobalSection(ExtensibilityGlobals) = postSolution
		SolutionGuid = {B796F98B-EAF7-48C2-B26F-D009886D008F}
	EndGlobalSection
EndGlobal
